// !$*UTF8*$!
{
	archiveVersion = 1;
	classes = {
	};
	objectVersion = 48;
	objects = {

/* Begin PBXBuildFile section */
		7C5A7B301F9F4EF4008C7C29 /* AppDelegate.swift in Sources */ = {isa = PBXBuildFile; fileRef = 7C5A7B2F1F9F4EF4008C7C29 /* AppDelegate.swift */; };
		7C5A7B321F9F4EF4008C7C29 /* ViewController.swift in Sources */ = {isa = PBXBuildFile; fileRef = 7C5A7B311F9F4EF4008C7C29 /* ViewController.swift */; };
		7C5A7B351F9F4EF4008C7C29 /* Main.storyboard in Resources */ = {isa = PBXBuildFile; fileRef = 7C5A7B331F9F4EF4008C7C29 /* Main.storyboard */; };
		7C5A7B371F9F4EF4008C7C29 /* Assets.xcassets in Resources */ = {isa = PBXBuildFile; fileRef = 7C5A7B361F9F4EF4008C7C29 /* Assets.xcassets */; };
		7C5A7B3A1F9F4EF4008C7C29 /* LaunchScreen.storyboard in Resources */ = {isa = PBXBuildFile; fileRef = 7C5A7B381F9F4EF4008C7C29 /* LaunchScreen.storyboard */; };
		D6CF495D608D7A71A6E6B518 /* Pods_SalesTeamTracker.framework in Frameworks */ = {isa = PBXBuildFile; fileRef = F1C9CAA4E93DEED2496AACBB /* Pods_SalesTeamTracker.framework */; };
		F27773041FA70ABC00A2E146 /* imageFiles.swift in Sources */ = {isa = PBXBuildFile; fileRef = F27773031FA70ABC00A2E146 /* imageFiles.swift */; };
		F27773091FA73A9D00A2E146 /* PastAssignmentViewController.swift in Sources */ = {isa = PBXBuildFile; fileRef = F27773081FA73A9D00A2E146 /* PastAssignmentViewController.swift */; };
		F29B676C1FA87A3E0090F6E8 /* MapViewController.swift in Sources */ = {isa = PBXBuildFile; fileRef = F29B676B1FA87A3E0090F6E8 /* MapViewController.swift */; };
		F2AFDCDD1FA20EE400287C58 /* CodeReuser.swift in Sources */ = {isa = PBXBuildFile; fileRef = F2AFDCDC1FA20EE400287C58 /* CodeReuser.swift */; };
		F2AFDCDF1FA20F8A00287C58 /* ApiString.swift in Sources */ = {isa = PBXBuildFile; fileRef = F2AFDCDE1FA20F8A00287C58 /* ApiString.swift */; };
		F2AFDCE31FA3006700287C58 /* AppColors.swift in Sources */ = {isa = PBXBuildFile; fileRef = F2AFDCE21FA3006700287C58 /* AppColors.swift */; };
		F2AFDCE51FA30A2E00287C58 /* HomeViewController.swift in Sources */ = {isa = PBXBuildFile; fileRef = F2AFDCE41FA30A2E00287C58 /* HomeViewController.swift */; };
		F2AFDCE71FA30F9800287C58 /* ShopDetailsViewController.swift in Sources */ = {isa = PBXBuildFile; fileRef = F2AFDCE61FA30F9800287C58 /* ShopDetailsViewController.swift */; };
		F2AFDCEA1FA3134600287C58 /* SideMenuViewController.swift in Sources */ = {isa = PBXBuildFile; fileRef = F2AFDCE91FA3134600287C58 /* SideMenuViewController.swift */; };
		F2AFDCEE1FA315A600287C58 /* AssignmentProgressTableViewCell.swift in Sources */ = {isa = PBXBuildFile; fileRef = F2AFDCEC1FA315A600287C58 /* AssignmentProgressTableViewCell.swift */; };
		F2AFDCEF1FA315A600287C58 /* AssignmentProgressTableViewCell.xib in Resources */ = {isa = PBXBuildFile; fileRef = F2AFDCED1FA315A600287C58 /* AssignmentProgressTableViewCell.xib */; };
		F2AFDCF21FA315C400287C58 /* AssignmentSearchTableViewCell.swift in Sources */ = {isa = PBXBuildFile; fileRef = F2AFDCF01FA315C400287C58 /* AssignmentSearchTableViewCell.swift */; };
		F2AFDCF31FA315C400287C58 /* AssignmentSearchTableViewCell.xib in Resources */ = {isa = PBXBuildFile; fileRef = F2AFDCF11FA315C400287C58 /* AssignmentSearchTableViewCell.xib */; };
		F2AFDCF61FA3160F00287C58 /* AssignmentsTableViewCell.swift in Sources */ = {isa = PBXBuildFile; fileRef = F2AFDCF41FA3160F00287C58 /* AssignmentsTableViewCell.swift */; };
		F2AFDCF71FA3160F00287C58 /* AssignmentsTableViewCell.xib in Resources */ = {isa = PBXBuildFile; fileRef = F2AFDCF51FA3160F00287C58 /* AssignmentsTableViewCell.xib */; };
		F2D45A281FA99F950037B916 /* ShopsAssignedViewController.swift in Sources */ = {isa = PBXBuildFile; fileRef = F2D45A271FA99F950037B916 /* ShopsAssignedViewController.swift */; };
		F2D45A2B1FA9D4D90037B916 /* AddShopViewController.swift in Sources */ = {isa = PBXBuildFile; fileRef = F2D45A2A1FA9D4D90037B916 /* AddShopViewController.swift */; };
		F2E77B311FA7005D0083EF89 /* SidemenuHeaderTableViewCell.swift in Sources */ = {isa = PBXBuildFile; fileRef = F2E77B2F1FA7005D0083EF89 /* SidemenuHeaderTableViewCell.swift */; };
		F2E77B321FA7005D0083EF89 /* SidemenuHeaderTableViewCell.xib in Resources */ = {isa = PBXBuildFile; fileRef = F2E77B301FA7005D0083EF89 /* SidemenuHeaderTableViewCell.xib */; };
		F2E77B351FA7021B0083EF89 /* SidemenuContentTableViewCell.swift in Sources */ = {isa = PBXBuildFile; fileRef = F2E77B331FA7021B0083EF89 /* SidemenuContentTableViewCell.swift */; };
		F2E77B361FA7021B0083EF89 /* SidemenuContentTableViewCell.xib in Resources */ = {isa = PBXBuildFile; fileRef = F2E77B341FA7021B0083EF89 /* SidemenuContentTableViewCell.xib */; };
/* End PBXBuildFile section */

/* Begin PBXFileReference section */
		4C236173DAC50C69DB584573 /* Pods-SalesTeamTracker.release.xcconfig */ = {isa = PBXFileReference; includeInIndex = 1; lastKnownFileType = text.xcconfig; name = "Pods-SalesTeamTracker.release.xcconfig"; path = "Pods/Target Support Files/Pods-SalesTeamTracker/Pods-SalesTeamTracker.release.xcconfig"; sourceTree = "<group>"; };
		7C5A7B2C1F9F4EF3008C7C29 /* SalesTeamTracker.app */ = {isa = PBXFileReference; explicitFileType = wrapper.application; includeInIndex = 0; path = SalesTeamTracker.app; sourceTree = BUILT_PRODUCTS_DIR; };
		7C5A7B2F1F9F4EF4008C7C29 /* AppDelegate.swift */ = {isa = PBXFileReference; lastKnownFileType = sourcecode.swift; path = AppDelegate.swift; sourceTree = "<group>"; };
		7C5A7B311F9F4EF4008C7C29 /* ViewController.swift */ = {isa = PBXFileReference; lastKnownFileType = sourcecode.swift; path = ViewController.swift; sourceTree = "<group>"; };
		7C5A7B341F9F4EF4008C7C29 /* Base */ = {isa = PBXFileReference; lastKnownFileType = file.storyboard; name = Base; path = Base.lproj/Main.storyboard; sourceTree = "<group>"; };
		7C5A7B361F9F4EF4008C7C29 /* Assets.xcassets */ = {isa = PBXFileReference; lastKnownFileType = folder.assetcatalog; path = Assets.xcassets; sourceTree = "<group>"; };
		7C5A7B391F9F4EF4008C7C29 /* Base */ = {isa = PBXFileReference; lastKnownFileType = file.storyboard; name = Base; path = Base.lproj/LaunchScreen.storyboard; sourceTree = "<group>"; };
		7C5A7B3B1F9F4EF4008C7C29 /* Info.plist */ = {isa = PBXFileReference; lastKnownFileType = text.plist.xml; path = Info.plist; sourceTree = "<group>"; };
		D8D22542E18F447B9690645C /* Pods-SalesTeamTracker.debug.xcconfig */ = {isa = PBXFileReference; includeInIndex = 1; lastKnownFileType = text.xcconfig; name = "Pods-SalesTeamTracker.debug.xcconfig"; path = "Pods/Target Support Files/Pods-SalesTeamTracker/Pods-SalesTeamTracker.debug.xcconfig"; sourceTree = "<group>"; };
		F1C9CAA4E93DEED2496AACBB /* Pods_SalesTeamTracker.framework */ = {isa = PBXFileReference; explicitFileType = wrapper.framework; includeInIndex = 0; path = Pods_SalesTeamTracker.framework; sourceTree = BUILT_PRODUCTS_DIR; };
		F27773031FA70ABC00A2E146 /* imageFiles.swift */ = {isa = PBXFileReference; lastKnownFileType = sourcecode.swift; path = imageFiles.swift; sourceTree = "<group>"; };
		F27773081FA73A9D00A2E146 /* PastAssignmentViewController.swift */ = {isa = PBXFileReference; lastKnownFileType = sourcecode.swift; path = PastAssignmentViewController.swift; sourceTree = "<group>"; };
		F29B676B1FA87A3E0090F6E8 /* MapViewController.swift */ = {isa = PBXFileReference; lastKnownFileType = sourcecode.swift; path = MapViewController.swift; sourceTree = "<group>"; };
		F2AFDCDC1FA20EE400287C58 /* CodeReuser.swift */ = {isa = PBXFileReference; lastKnownFileType = sourcecode.swift; path = CodeReuser.swift; sourceTree = "<group>"; };
		F2AFDCDE1FA20F8A00287C58 /* ApiString.swift */ = {isa = PBXFileReference; lastKnownFileType = sourcecode.swift; path = ApiString.swift; sourceTree = "<group>"; };
		F2AFDCE21FA3006700287C58 /* AppColors.swift */ = {isa = PBXFileReference; lastKnownFileType = sourcecode.swift; path = AppColors.swift; sourceTree = "<group>"; };
		F2AFDCE41FA30A2E00287C58 /* HomeViewController.swift */ = {isa = PBXFileReference; lastKnownFileType = sourcecode.swift; path = HomeViewController.swift; sourceTree = "<group>"; };
		F2AFDCE61FA30F9800287C58 /* ShopDetailsViewController.swift */ = {isa = PBXFileReference; lastKnownFileType = sourcecode.swift; path = ShopDetailsViewController.swift; sourceTree = "<group>"; };
		F2AFDCE91FA3134600287C58 /* SideMenuViewController.swift */ = {isa = PBXFileReference; lastKnownFileType = sourcecode.swift; path = SideMenuViewController.swift; sourceTree = "<group>"; };
		F2AFDCEC1FA315A600287C58 /* AssignmentProgressTableViewCell.swift */ = {isa = PBXFileReference; lastKnownFileType = sourcecode.swift; path = AssignmentProgressTableViewCell.swift; sourceTree = "<group>"; };
		F2AFDCED1FA315A600287C58 /* AssignmentProgressTableViewCell.xib */ = {isa = PBXFileReference; lastKnownFileType = file.xib; path = AssignmentProgressTableViewCell.xib; sourceTree = "<group>"; };
		F2AFDCF01FA315C400287C58 /* AssignmentSearchTableViewCell.swift */ = {isa = PBXFileReference; lastKnownFileType = sourcecode.swift; path = AssignmentSearchTableViewCell.swift; sourceTree = "<group>"; };
		F2AFDCF11FA315C400287C58 /* AssignmentSearchTableViewCell.xib */ = {isa = PBXFileReference; lastKnownFileType = file.xib; path = AssignmentSearchTableViewCell.xib; sourceTree = "<group>"; };
		F2AFDCF41FA3160F00287C58 /* AssignmentsTableViewCell.swift */ = {isa = PBXFileReference; lastKnownFileType = sourcecode.swift; path = AssignmentsTableViewCell.swift; sourceTree = "<group>"; };
		F2AFDCF51FA3160F00287C58 /* AssignmentsTableViewCell.xib */ = {isa = PBXFileReference; lastKnownFileType = file.xib; path = AssignmentsTableViewCell.xib; sourceTree = "<group>"; };
		F2D45A271FA99F950037B916 /* ShopsAssignedViewController.swift */ = {isa = PBXFileReference; lastKnownFileType = sourcecode.swift; path = ShopsAssignedViewController.swift; sourceTree = "<group>"; };
		F2D45A2A1FA9D4D90037B916 /* AddShopViewController.swift */ = {isa = PBXFileReference; lastKnownFileType = sourcecode.swift; path = AddShopViewController.swift; sourceTree = "<group>"; };
		F2E77B2F1FA7005D0083EF89 /* SidemenuHeaderTableViewCell.swift */ = {isa = PBXFileReference; lastKnownFileType = sourcecode.swift; path = SidemenuHeaderTableViewCell.swift; sourceTree = "<group>"; };
		F2E77B301FA7005D0083EF89 /* SidemenuHeaderTableViewCell.xib */ = {isa = PBXFileReference; lastKnownFileType = file.xib; path = SidemenuHeaderTableViewCell.xib; sourceTree = "<group>"; };
		F2E77B331FA7021B0083EF89 /* SidemenuContentTableViewCell.swift */ = {isa = PBXFileReference; lastKnownFileType = sourcecode.swift; path = SidemenuContentTableViewCell.swift; sourceTree = "<group>"; };
		F2E77B341FA7021B0083EF89 /* SidemenuContentTableViewCell.xib */ = {isa = PBXFileReference; lastKnownFileType = file.xib; path = SidemenuContentTableViewCell.xib; sourceTree = "<group>"; };
/* End PBXFileReference section */

/* Begin PBXFrameworksBuildPhase section */
		7C5A7B291F9F4EF3008C7C29 /* Frameworks */ = {
			isa = PBXFrameworksBuildPhase;
			buildActionMask = 2147483647;
			files = (
				D6CF495D608D7A71A6E6B518 /* Pods_SalesTeamTracker.framework in Frameworks */,
			);
			runOnlyForDeploymentPostprocessing = 0;
		};
/* End PBXFrameworksBuildPhase section */

/* Begin PBXGroup section */
		7C5A7B231F9F4EF3008C7C29 = {
			isa = PBXGroup;
			children = (
				7C5A7B2E1F9F4EF3008C7C29 /* SalesTeamTracker */,
				7C5A7B2D1F9F4EF3008C7C29 /* Products */,
				AD230FAA4121C91DE8E0E034 /* Pods */,
				9795F2597FD88BD5111E5E66 /* Frameworks */,
			);
			sourceTree = "<group>";
		};
		7C5A7B2D1F9F4EF3008C7C29 /* Products */ = {
			isa = PBXGroup;
			children = (
				7C5A7B2C1F9F4EF3008C7C29 /* SalesTeamTracker.app */,
			);
			name = Products;
			sourceTree = "<group>";
		};
		7C5A7B2E1F9F4EF3008C7C29 /* SalesTeamTracker */ = {
			isa = PBXGroup;
			children = (
				F2D45A291FA9D4CA0037B916 /* AddShop */,
				F2D45A261FA99F2E0037B916 /* Shops Assigned */,
				F29B676A1FA879CA0090F6E8 /* MapClass */,
				F27773071FA73A7A00A2E146 /* PastAssignment */,
				F2AFDCEB1FA3155200287C58 /* TableViewCells */,
				F2AFDCE81FA3133200287C58 /* SideMenu */,
				F2AFDCDB1FA20E3C00287C58 /* Supporting Files */,
				7C5A7B2F1F9F4EF4008C7C29 /* AppDelegate.swift */,
				7C5A7B311F9F4EF4008C7C29 /* ViewController.swift */,
				F2AFDCE41FA30A2E00287C58 /* HomeViewController.swift */,
				F2AFDCE61FA30F9800287C58 /* ShopDetailsViewController.swift */,
				7C5A7B331F9F4EF4008C7C29 /* Main.storyboard */,
				7C5A7B361F9F4EF4008C7C29 /* Assets.xcassets */,
				7C5A7B381F9F4EF4008C7C29 /* LaunchScreen.storyboard */,
				7C5A7B3B1F9F4EF4008C7C29 /* Info.plist */,
			);
			path = SalesTeamTracker;
			sourceTree = "<group>";
		};
		9795F2597FD88BD5111E5E66 /* Frameworks */ = {
			isa = PBXGroup;
			children = (
				F1C9CAA4E93DEED2496AACBB /* Pods_SalesTeamTracker.framework */,
			);
			name = Frameworks;
			sourceTree = "<group>";
		};
		AD230FAA4121C91DE8E0E034 /* Pods */ = {
			isa = PBXGroup;
			children = (
				D8D22542E18F447B9690645C /* Pods-SalesTeamTracker.debug.xcconfig */,
				4C236173DAC50C69DB584573 /* Pods-SalesTeamTracker.release.xcconfig */,
			);
			name = Pods;
			sourceTree = "<group>";
		};
		F27773071FA73A7A00A2E146 /* PastAssignment */ = {
			isa = PBXGroup;
			children = (
				F27773081FA73A9D00A2E146 /* PastAssignmentViewController.swift */,
			);
			path = PastAssignment;
			sourceTree = "<group>";
		};
		F29B676A1FA879CA0090F6E8 /* MapClass */ = {
			isa = PBXGroup;
			children = (
				F29B676B1FA87A3E0090F6E8 /* MapViewController.swift */,
			);
			path = MapClass;
			sourceTree = "<group>";
		};
		F2AFDCDB1FA20E3C00287C58 /* Supporting Files */ = {
			isa = PBXGroup;
			children = (
				F2AFDCDC1FA20EE400287C58 /* CodeReuser.swift */,
				F2AFDCE21FA3006700287C58 /* AppColors.swift */,
				F2AFDCDE1FA20F8A00287C58 /* ApiString.swift */,
				F27773031FA70ABC00A2E146 /* imageFiles.swift */,
			);
			path = "Supporting Files";
			sourceTree = "<group>";
		};
		F2AFDCE81FA3133200287C58 /* SideMenu */ = {
			isa = PBXGroup;
			children = (
				F2E77B2E1FA6FFD60083EF89 /* TableViewCells */,
				F2AFDCE91FA3134600287C58 /* SideMenuViewController.swift */,
			);
			path = SideMenu;
			sourceTree = "<group>";
		};
		F2AFDCEB1FA3155200287C58 /* TableViewCells */ = {
			isa = PBXGroup;
			children = (
				F2AFDCEC1FA315A600287C58 /* AssignmentProgressTableViewCell.swift */,
				F2AFDCED1FA315A600287C58 /* AssignmentProgressTableViewCell.xib */,
				F2AFDCF01FA315C400287C58 /* AssignmentSearchTableViewCell.swift */,
				F2AFDCF11FA315C400287C58 /* AssignmentSearchTableViewCell.xib */,
				F2AFDCF41FA3160F00287C58 /* AssignmentsTableViewCell.swift */,
				F2AFDCF51FA3160F00287C58 /* AssignmentsTableViewCell.xib */,
			);
			path = TableViewCells;
			sourceTree = "<group>";
		};
		F2D45A261FA99F2E0037B916 /* Shops Assigned */ = {
			isa = PBXGroup;
			children = (
				F2D45A271FA99F950037B916 /* ShopsAssignedViewController.swift */,
			);
			path = "Shops Assigned";
			sourceTree = "<group>";
		};
		F2D45A291FA9D4CA0037B916 /* AddShop */ = {
			isa = PBXGroup;
			children = (
				F2D45A2A1FA9D4D90037B916 /* AddShopViewController.swift */,
			);
			path = AddShop;
			sourceTree = "<group>";
		};
		F2E77B2E1FA6FFD60083EF89 /* TableViewCells */ = {
			isa = PBXGroup;
			children = (
				F2E77B2F1FA7005D0083EF89 /* SidemenuHeaderTableViewCell.swift */,
				F2E77B301FA7005D0083EF89 /* SidemenuHeaderTableViewCell.xib */,
				F2E77B331FA7021B0083EF89 /* SidemenuContentTableViewCell.swift */,
				F2E77B341FA7021B0083EF89 /* SidemenuContentTableViewCell.xib */,
			);
			path = TableViewCells;
			sourceTree = "<group>";
		};
/* End PBXGroup section */

/* Begin PBXNativeTarget section */
		7C5A7B2B1F9F4EF3008C7C29 /* SalesTeamTracker */ = {
			isa = PBXNativeTarget;
			buildConfigurationList = 7C5A7B3E1F9F4EF4008C7C29 /* Build configuration list for PBXNativeTarget "SalesTeamTracker" */;
			buildPhases = (
				9B86B72B8B2DE0D01EB9C0DA /* [CP] Check Pods Manifest.lock */,
				7C5A7B281F9F4EF3008C7C29 /* Sources */,
				7C5A7B291F9F4EF3008C7C29 /* Frameworks */,
				7C5A7B2A1F9F4EF3008C7C29 /* Resources */,
				2DE31646A5F026C6B0CD2935 /* [CP] Embed Pods Frameworks */,
				B27FFB279B61F9191BEFCCA2 /* [CP] Copy Pods Resources */,
			);
			buildRules = (
			);
			dependencies = (
			);
			name = SalesTeamTracker;
			productName = SalesTeamTracker;
			productReference = 7C5A7B2C1F9F4EF3008C7C29 /* SalesTeamTracker.app */;
			productType = "com.apple.product-type.application";
		};
/* End PBXNativeTarget section */

/* Begin PBXProject section */
		7C5A7B241F9F4EF3008C7C29 /* Project object */ = {
			isa = PBXProject;
			attributes = {
				LastSwiftUpdateCheck = 0900;
				LastUpgradeCheck = 0900;
				ORGANIZATIONNAME = "Pluggdd Mobile OPC Private Limited";
				TargetAttributes = {
					7C5A7B2B1F9F4EF3008C7C29 = {
						CreatedOnToolsVersion = 9.0.1;
						ProvisioningStyle = Automatic;
					};
				};
			};
			buildConfigurationList = 7C5A7B271F9F4EF3008C7C29 /* Build configuration list for PBXProject "SalesTeamTracker" */;
			compatibilityVersion = "Xcode 8.0";
			developmentRegion = en;
			hasScannedForEncodings = 0;
			knownRegions = (
				en,
				Base,
			);
			mainGroup = 7C5A7B231F9F4EF3008C7C29;
			productRefGroup = 7C5A7B2D1F9F4EF3008C7C29 /* Products */;
			projectDirPath = "";
			projectRoot = "";
			targets = (
				7C5A7B2B1F9F4EF3008C7C29 /* SalesTeamTracker */,
			);
		};
/* End PBXProject section */

/* Begin PBXResourcesBuildPhase section */
		7C5A7B2A1F9F4EF3008C7C29 /* Resources */ = {
			isa = PBXResourcesBuildPhase;
			buildActionMask = 2147483647;
			files = (
				7C5A7B3A1F9F4EF4008C7C29 /* LaunchScreen.storyboard in Resources */,
				F2AFDCEF1FA315A600287C58 /* AssignmentProgressTableViewCell.xib in Resources */,
				F2E77B361FA7021B0083EF89 /* SidemenuContentTableViewCell.xib in Resources */,
				F2AFDCF71FA3160F00287C58 /* AssignmentsTableViewCell.xib in Resources */,
				F2E77B321FA7005D0083EF89 /* SidemenuHeaderTableViewCell.xib in Resources */,
				7C5A7B371F9F4EF4008C7C29 /* Assets.xcassets in Resources */,
				F2AFDCF31FA315C400287C58 /* AssignmentSearchTableViewCell.xib in Resources */,
				7C5A7B351F9F4EF4008C7C29 /* Main.storyboard in Resources */,
			);
			runOnlyForDeploymentPostprocessing = 0;
		};
/* End PBXResourcesBuildPhase section */

/* Begin PBXShellScriptBuildPhase section */
		2DE31646A5F026C6B0CD2935 /* [CP] Embed Pods Frameworks */ = {
			isa = PBXShellScriptBuildPhase;
			buildActionMask = 2147483647;
			files = (
			);
			inputPaths = (
			);
			name = "[CP] Embed Pods Frameworks";
			outputPaths = (
			);
			runOnlyForDeploymentPostprocessing = 0;
			shellPath = /bin/sh;
			shellScript = "\"${SRCROOT}/Pods/Target Support Files/Pods-SalesTeamTracker/Pods-SalesTeamTracker-frameworks.sh\"\n";
			showEnvVarsInLog = 0;
		};
		9B86B72B8B2DE0D01EB9C0DA /* [CP] Check Pods Manifest.lock */ = {
			isa = PBXShellScriptBuildPhase;
			buildActionMask = 2147483647;
			files = (
			);
			inputPaths = (
			);
			name = "[CP] Check Pods Manifest.lock";
			outputPaths = (
			);
			runOnlyForDeploymentPostprocessing = 0;
			shellPath = /bin/sh;
			shellScript = "diff \"${PODS_ROOT}/../Podfile.lock\" \"${PODS_ROOT}/Manifest.lock\" > /dev/null\nif [ $? != 0 ] ; then\n    # print error to STDERR\n    echo \"error: The sandbox is not in sync with the Podfile.lock. Run 'pod install' or update your CocoaPods installation.\" >&2\n    exit 1\nfi\n";
			showEnvVarsInLog = 0;
		};
		B27FFB279B61F9191BEFCCA2 /* [CP] Copy Pods Resources */ = {
			isa = PBXShellScriptBuildPhase;
			buildActionMask = 2147483647;
			files = (
			);
			inputPaths = (
			);
			name = "[CP] Copy Pods Resources";
			outputPaths = (
			);
			runOnlyForDeploymentPostprocessing = 0;
			shellPath = /bin/sh;
			shellScript = "\"${SRCROOT}/Pods/Target Support Files/Pods-SalesTeamTracker/Pods-SalesTeamTracker-resources.sh\"\n";
			showEnvVarsInLog = 0;
		};
/* End PBXShellScriptBuildPhase section */

/* Begin PBXSourcesBuildPhase section */
		7C5A7B281F9F4EF3008C7C29 /* Sources */ = {
			isa = PBXSourcesBuildPhase;
			buildActionMask = 2147483647;
			files = (
				F2AFDCF61FA3160F00287C58 /* AssignmentsTableViewCell.swift in Sources */,
				F2AFDCEA1FA3134600287C58 /* SideMenuViewController.swift in Sources */,
				F2AFDCDD1FA20EE400287C58 /* CodeReuser.swift in Sources */,
				F2AFDCF21FA315C400287C58 /* AssignmentSearchTableViewCell.swift in Sources */,
				7C5A7B321F9F4EF4008C7C29 /* ViewController.swift in Sources */,
				F27773041FA70ABC00A2E146 /* imageFiles.swift in Sources */,
				F2AFDCE31FA3006700287C58 /* AppColors.swift in Sources */,
				7C5A7B301F9F4EF4008C7C29 /* AppDelegate.swift in Sources */,
				F2D45A2B1FA9D4D90037B916 /* AddShopViewController.swift in Sources */,
				F2AFDCDF1FA20F8A00287C58 /* ApiString.swift in Sources */,
				F2AFDCE51FA30A2E00287C58 /* HomeViewController.swift in Sources */,
				F2D45A281FA99F950037B916 /* ShopsAssignedViewController.swift in Sources */,
				F2AFDCE71FA30F9800287C58 /* ShopDetailsViewController.swift in Sources */,
				F2E77B311FA7005D0083EF89 /* SidemenuHeaderTableViewCell.swift in Sources */,
				F2E77B351FA7021B0083EF89 /* SidemenuContentTableViewCell.swift in Sources */,
				F27773091FA73A9D00A2E146 /* PastAssignmentViewController.swift in Sources */,
				F2AFDCEE1FA315A600287C58 /* AssignmentProgressTableViewCell.swift in Sources */,
				F29B676C1FA87A3E0090F6E8 /* MapViewController.swift in Sources */,
			);
			runOnlyForDeploymentPostprocessing = 0;
		};
/* End PBXSourcesBuildPhase section */

/* Begin PBXVariantGroup section */
		7C5A7B331F9F4EF4008C7C29 /* Main.storyboard */ = {
			isa = PBXVariantGroup;
			children = (
				7C5A7B341F9F4EF4008C7C29 /* Base */,
			);
			name = Main.storyboard;
			sourceTree = "<group>";
		};
		7C5A7B381F9F4EF4008C7C29 /* LaunchScreen.storyboard */ = {
			isa = PBXVariantGroup;
			children = (
				7C5A7B391F9F4EF4008C7C29 /* Base */,
			);
			name = LaunchScreen.storyboard;
			sourceTree = "<group>";
		};
/* End PBXVariantGroup section */

/* Begin XCBuildConfiguration section */
		7C5A7B3C1F9F4EF4008C7C29 /* Debug */ = {
			isa = XCBuildConfiguration;
			buildSettings = {
				ALWAYS_SEARCH_USER_PATHS = NO;
				CLANG_ANALYZER_NONNULL = YES;
				CLANG_ANALYZER_NUMBER_OBJECT_CONVERSION = YES_AGGRESSIVE;
				CLANG_CXX_LANGUAGE_STANDARD = "gnu++14";
				CLANG_CXX_LIBRARY = "libc++";
				CLANG_ENABLE_MODULES = YES;
				CLANG_ENABLE_OBJC_ARC = YES;
				CLANG_WARN_BLOCK_CAPTURE_AUTORELEASING = YES;
				CLANG_WARN_BOOL_CONVERSION = YES;
				CLANG_WARN_COMMA = YES;
				CLANG_WARN_CONSTANT_CONVERSION = YES;
				CLANG_WARN_DIRECT_OBJC_ISA_USAGE = YES_ERROR;
				CLANG_WARN_DOCUMENTATION_COMMENTS = YES;
				CLANG_WARN_EMPTY_BODY = YES;
				CLANG_WARN_ENUM_CONVERSION = YES;
				CLANG_WARN_INFINITE_RECURSION = YES;
				CLANG_WARN_INT_CONVERSION = YES;
				CLANG_WARN_NON_LITERAL_NULL_CONVERSION = YES;
				CLANG_WARN_OBJC_LITERAL_CONVERSION = YES;
				CLANG_WARN_OBJC_ROOT_CLASS = YES_ERROR;
				CLANG_WARN_RANGE_LOOP_ANALYSIS = YES;
				CLANG_WARN_STRICT_PROTOTYPES = YES;
				CLANG_WARN_SUSPICIOUS_MOVE = YES;
				CLANG_WARN_UNGUARDED_AVAILABILITY = YES_AGGRESSIVE;
				CLANG_WARN_UNREACHABLE_CODE = YES;
				CLANG_WARN__DUPLICATE_METHOD_MATCH = YES;
				CODE_SIGN_IDENTITY = "iPhone Developer";
				COPY_PHASE_STRIP = NO;
				DEBUG_INFORMATION_FORMAT = dwarf;
				ENABLE_STRICT_OBJC_MSGSEND = YES;
				ENABLE_TESTABILITY = YES;
				GCC_C_LANGUAGE_STANDARD = gnu11;
				GCC_DYNAMIC_NO_PIC = NO;
				GCC_NO_COMMON_BLOCKS = YES;
				GCC_OPTIMIZATION_LEVEL = 0;
				GCC_PREPROCESSOR_DEFINITIONS = (
					"DEBUG=1",
					"$(inherited)",
				);
				GCC_WARN_64_TO_32_BIT_CONVERSION = YES;
				GCC_WARN_ABOUT_RETURN_TYPE = YES_ERROR;
				GCC_WARN_UNDECLARED_SELECTOR = YES;
				GCC_WARN_UNINITIALIZED_AUTOS = YES_AGGRESSIVE;
				GCC_WARN_UNUSED_FUNCTION = YES;
				GCC_WARN_UNUSED_VARIABLE = YES;
				IPHONEOS_DEPLOYMENT_TARGET = 11.0;
				MTL_ENABLE_DEBUG_INFO = YES;
				ONLY_ACTIVE_ARCH = YES;
				SDKROOT = iphoneos;
				SWIFT_ACTIVE_COMPILATION_CONDITIONS = DEBUG;
				SWIFT_OPTIMIZATION_LEVEL = "-Onone";
			};
			name = Debug;
		};
		7C5A7B3D1F9F4EF4008C7C29 /* Release */ = {
			isa = XCBuildConfiguration;
			buildSettings = {
				ALWAYS_SEARCH_USER_PATHS = NO;
				CLANG_ANALYZER_NONNULL = YES;
				CLANG_ANALYZER_NUMBER_OBJECT_CONVERSION = YES_AGGRESSIVE;
				CLANG_CXX_LANGUAGE_STANDARD = "gnu++14";
				CLANG_CXX_LIBRARY = "libc++";
				CLANG_ENABLE_MODULES = YES;
				CLANG_ENABLE_OBJC_ARC = YES;
				CLANG_WARN_BLOCK_CAPTURE_AUTORELEASING = YES;
				CLANG_WARN_BOOL_CONVERSION = YES;
				CLANG_WARN_COMMA = YES;
				CLANG_WARN_CONSTANT_CONVERSION = YES;
				CLANG_WARN_DIRECT_OBJC_ISA_USAGE = YES_ERROR;
				CLANG_WARN_DOCUMENTATION_COMMENTS = YES;
				CLANG_WARN_EMPTY_BODY = YES;
				CLANG_WARN_ENUM_CONVERSION = YES;
				CLANG_WARN_INFINITE_RECURSION = YES;
				CLANG_WARN_INT_CONVERSION = YES;
				CLANG_WARN_NON_LITERAL_NULL_CONVERSION = YES;
				CLANG_WARN_OBJC_LITERAL_CONVERSION = YES;
				CLANG_WARN_OBJC_ROOT_CLASS = YES_ERROR;
				CLANG_WARN_RANGE_LOOP_ANALYSIS = YES;
				CLANG_WARN_STRICT_PROTOTYPES = YES;
				CLANG_WARN_SUSPICIOUS_MOVE = YES;
				CLANG_WARN_UNGUARDED_AVAILABILITY = YES_AGGRESSIVE;
				CLANG_WARN_UNREACHABLE_CODE = YES;
				CLANG_WARN__DUPLICATE_METHOD_MATCH = YES;
				CODE_SIGN_IDENTITY = "iPhone Developer";
				COPY_PHASE_STRIP = NO;
				DEBUG_INFORMATION_FORMAT = "dwarf-with-dsym";
				ENABLE_NS_ASSERTIONS = NO;
				ENABLE_STRICT_OBJC_MSGSEND = YES;
				GCC_C_LANGUAGE_STANDARD = gnu11;
				GCC_NO_COMMON_BLOCKS = YES;
				GCC_WARN_64_TO_32_BIT_CONVERSION = YES;
				GCC_WARN_ABOUT_RETURN_TYPE = YES_ERROR;
				GCC_WARN_UNDECLARED_SELECTOR = YES;
				GCC_WARN_UNINITIALIZED_AUTOS = YES_AGGRESSIVE;
				GCC_WARN_UNUSED_FUNCTION = YES;
				GCC_WARN_UNUSED_VARIABLE = YES;
				IPHONEOS_DEPLOYMENT_TARGET = 11.0;
				MTL_ENABLE_DEBUG_INFO = NO;
				SDKROOT = iphoneos;
				SWIFT_OPTIMIZATION_LEVEL = "-Owholemodule";
				VALIDATE_PRODUCT = YES;
			};
			name = Release;
		};
		7C5A7B3F1F9F4EF4008C7C29 /* Debug */ = {
			isa = XCBuildConfiguration;
			baseConfigurationReference = D8D22542E18F447B9690645C /* Pods-SalesTeamTracker.debug.xcconfig */;
			buildSettings = {
				ASSETCATALOG_COMPILER_APPICON_NAME = AppIcon;
				CODE_SIGN_STYLE = Automatic;
				DEVELOPMENT_TEAM = EQ66433AJ7;
				INFOPLIST_FILE = SalesTeamTracker/Info.plist;
				LD_RUNPATH_SEARCH_PATHS = "$(inherited) @executable_path/Frameworks";
				PRODUCT_BUNDLE_IDENTIFIER = com.pluggdd.SalesTeamTracker;
				PRODUCT_NAME = "$(TARGET_NAME)";
				SWIFT_VERSION = 4.0;
				TARGETED_DEVICE_FAMILY = 1;
			};
			name = Debug;
		};
		7C5A7B401F9F4EF4008C7C29 /* Release */ = {
			isa = XCBuildConfiguration;
			baseConfigurationReference = 4C236173DAC50C69DB584573 /* Pods-SalesTeamTracker.release.xcconfig */;
			buildSettings = {
				ASSETCATALOG_COMPILER_APPICON_NAME = AppIcon;
				CODE_SIGN_STYLE = Automatic;
				DEVELOPMENT_TEAM = EQ66433AJ7;
				INFOPLIST_FILE = SalesTeamTracker/Info.plist;
				LD_RUNPATH_SEARCH_PATHS = "$(inherited) @executable_path/Frameworks";
				PRODUCT_BUNDLE_IDENTIFIER = com.pluggdd.SalesTeamTracker;
				PRODUCT_NAME = "$(TARGET_NAME)";
				SWIFT_VERSION = 4.0;
				TARGETED_DEVICE_FAMILY = 1;
			};
			name = Release;
		};
/* End XCBuildConfiguration section */

/* Begin XCConfigurationList section */
		7C5A7B271F9F4EF3008C7C29 /* Build configuration list for PBXProject "SalesTeamTracker" */ = {
			isa = XCConfigurationList;
			buildConfigurations = (
				7C5A7B3C1F9F4EF4008C7C29 /* Debug */,
				7C5A7B3D1F9F4EF4008C7C29 /* Release */,
			);
			defaultConfigurationIsVisible = 0;
			defaultConfigurationName = Release;
		};
		7C5A7B3E1F9F4EF4008C7C29 /* Build configuration list for PBXNativeTarget "SalesTeamTracker" */ = {
			isa = XCConfigurationList;
			buildConfigurations = (
				7C5A7B3F1F9F4EF4008C7C29 /* Debug */,
				7C5A7B401F9F4EF4008C7C29 /* Release */,
			);
			defaultConfigurationIsVisible = 0;
			defaultConfigurationName = Release;
		};
/* End XCConfigurationList section */
	};
	rootObject = 7C5A7B241F9F4EF3008C7C29 /* Project object */;
}
